// !$*UTF8*$!
{
	archiveVersion = 1;
	classes = {
	};
	objectVersion = 50;
	objects = {

/* Begin PBXBuildFile section */
		4C23F02CB6E715EBEBA9B232 /* JobApplication.m in Sources */ = {isa = PBXBuildFile; fileRef = 4C23F65BF04F7338105687EC /* JobApplication.m */; };
		4C23F0315C6C3121E3D7765B /* ViewController.m in Sources */ = {isa = PBXBuildFile; fileRef = 4C23FF2BF63096F1093F15EC /* ViewController.m */; };
		4C23F3B422D3F08CFF62243C /* NSString+Regex.m in Sources */ = {isa = PBXBuildFile; fileRef = 4C23F9CB963F22EF1678960E /* NSString+Regex.m */; };
		4C23F48FFA3971E57AC03DAC /* Content.strings in Resources */ = {isa = PBXBuildFile; fileRef = 4C23FD10F4C5350CAC511ADC /* Content.strings */; };
		4C23F494E011D8A7BB8DF5A2 /* PrimaryButton.m in Sources */ = {isa = PBXBuildFile; fileRef = 4C23FCE6107979B8B231C499 /* PrimaryButton.m */; };
		4C23F4D4EB9208D68B326DBE /* HeadingLabel.m in Sources */ = {isa = PBXBuildFile; fileRef = 4C23F6688740BD040FED82E2 /* HeadingLabel.m */; };
		4C23F54F7AE20A540F3FB32F /* ViewModel.m in Sources */ = {isa = PBXBuildFile; fileRef = 4C23FEC80A7C1AD563DC1A9D /* ViewModel.m */; };
		4C23F5768EE3AB6C27A9906E /* Main.storyboard in Resources */ = {isa = PBXBuildFile; fileRef = 4C23FE9C97120C720FCB24CE /* Main.storyboard */; };
		4C23F5ABE25341223FDABE78 /* Settings.m in Sources */ = {isa = PBXBuildFile; fileRef = 4C23FBF56A08B318B184FBA9 /* Settings.m */; };
		4C23F672C9FC5F79C5F72D2C /* LaunchScreen.storyboard in Resources */ = {isa = PBXBuildFile; fileRef = 4C23FDC2B48C502BE97B963E /* LaunchScreen.storyboard */; };
		4C23F733B322E5DC895D0C17 /* InputField.m in Sources */ = {isa = PBXBuildFile; fileRef = 4C23FE2C0B895AE8AC2EBA4F /* InputField.m */; };
		4C23F84954F37047132B4A70 /* RequestHandler.m in Sources */ = {isa = PBXBuildFile; fileRef = 4C23F92A940BD71AF1085393 /* RequestHandler.m */; };
		4C23F9805463D51D0E105869 /* InputView.m in Sources */ = {isa = PBXBuildFile; fileRef = 4C23F58B4CAA2D1EB69A2E37 /* InputView.m */; };
		4C23F9AAF81F49A917A3A247 /* KeyboardHandler.m in Sources */ = {isa = PBXBuildFile; fileRef = 4C23F036B0028DE2B9352701 /* KeyboardHandler.m */; };
		4C23FD41B90046C197CB66A2 /* Fonts.m in Sources */ = {isa = PBXBuildFile; fileRef = 4C23F226FA941ACCF3B0FF72 /* Fonts.m */; };
		4C23FFE0874EE6DD2D695AF1 /* TeamType.m in Sources */ = {isa = PBXBuildFile; fileRef = 4C23FA134F34E89F17C98805 /* TeamType.m */; };
		D1078EB62248C6B90075AF28 /* AppDelegate.m in Sources */ = {isa = PBXBuildFile; fileRef = D1078EB52248C6B90075AF28 /* AppDelegate.m */; };
		D1078EBE2248C6BA0075AF28 /* Assets.xcassets in Resources */ = {isa = PBXBuildFile; fileRef = D1078EBD2248C6BA0075AF28 /* Assets.xcassets */; };
		D1078EC42248C6BA0075AF28 /* main.m in Sources */ = {isa = PBXBuildFile; fileRef = D1078EC32248C6BA0075AF28 /* main.m */; };
		D1078ECE2248C6BA0075AF28 /* Job_Applicator_ObjCTests.m in Sources */ = {isa = PBXBuildFile; fileRef = D1078ECD2248C6BA0075AF28 /* Job_Applicator_ObjCTests.m */; };
/* End PBXBuildFile section */

/* Begin PBXContainerItemProxy section */
		D1078ECA2248C6BA0075AF28 /* PBXContainerItemProxy */ = {
			isa = PBXContainerItemProxy;
			containerPortal = D1078EA92248C6B90075AF28 /* Project object */;
			proxyType = 1;
			remoteGlobalIDString = D1078EB02248C6B90075AF28;
			remoteInfo = "Job Applicator ObjC";
		};
/* End PBXContainerItemProxy section */

/* Begin PBXFileReference section */
		4C23F036B0028DE2B9352701 /* KeyboardHandler.m */ = {isa = PBXFileReference; fileEncoding = 4; lastKnownFileType = sourcecode.c.objc; path = KeyboardHandler.m; sourceTree = "<group>"; };
		4C23F226FA941ACCF3B0FF72 /* Fonts.m */ = {isa = PBXFileReference; fileEncoding = 4; lastKnownFileType = sourcecode.c.objc; path = Fonts.m; sourceTree = "<group>"; };
		4C23F26C74BFD1F81C8D471D /* RequestHandler.h */ = {isa = PBXFileReference; fileEncoding = 4; lastKnownFileType = sourcecode.c.h; path = RequestHandler.h; sourceTree = "<group>"; };
		4C23F3989CE774CD20E6FA3A /* InputView.h */ = {isa = PBXFileReference; fileEncoding = 4; lastKnownFileType = sourcecode.c.h; path = InputView.h; sourceTree = "<group>"; };
		4C23F473BC82024F9B02CC2C /* JSON.h */ = {isa = PBXFileReference; fileEncoding = 4; lastKnownFileType = sourcecode.c.h; path = JSON.h; sourceTree = "<group>"; };
		4C23F58B4CAA2D1EB69A2E37 /* InputView.m */ = {isa = PBXFileReference; fileEncoding = 4; lastKnownFileType = sourcecode.c.objc; path = InputView.m; sourceTree = "<group>"; };
		4C23F65BF04F7338105687EC /* JobApplication.m */ = {isa = PBXFileReference; fileEncoding = 4; lastKnownFileType = sourcecode.c.objc; path = JobApplication.m; sourceTree = "<group>"; };
		4C23F6688740BD040FED82E2 /* HeadingLabel.m */ = {isa = PBXFileReference; fileEncoding = 4; lastKnownFileType = sourcecode.c.objc; path = HeadingLabel.m; sourceTree = "<group>"; };
		4C23F8457D724A4126EB45B1 /* Fonts.h */ = {isa = PBXFileReference; fileEncoding = 4; lastKnownFileType = sourcecode.c.h; path = Fonts.h; sourceTree = "<group>"; };
		4C23F87605EC2CBE12E566B5 /* Settings.h */ = {isa = PBXFileReference; fileEncoding = 4; lastKnownFileType = sourcecode.c.h; path = Settings.h; sourceTree = "<group>"; };
		4C23F92A940BD71AF1085393 /* RequestHandler.m */ = {isa = PBXFileReference; fileEncoding = 4; lastKnownFileType = sourcecode.c.objc; path = RequestHandler.m; sourceTree = "<group>"; };
		4C23F97A7AD456A0E869EC61 /* TeamType.h */ = {isa = PBXFileReference; fileEncoding = 4; lastKnownFileType = sourcecode.c.h; path = TeamType.h; sourceTree = "<group>"; };
		4C23F9C84FA206C0C8015E31 /* NSString+Regex.h */ = {isa = PBXFileReference; fileEncoding = 4; lastKnownFileType = sourcecode.c.h; path = "NSString+Regex.h"; sourceTree = "<group>"; };
		4C23F9CB963F22EF1678960E /* NSString+Regex.m */ = {isa = PBXFileReference; fileEncoding = 4; lastKnownFileType = sourcecode.c.objc; path = "NSString+Regex.m"; sourceTree = "<group>"; };
		4C23FA134F34E89F17C98805 /* TeamType.m */ = {isa = PBXFileReference; fileEncoding = 4; lastKnownFileType = sourcecode.c.objc; path = TeamType.m; sourceTree = "<group>"; };
		4C23FA949C9FC1AB038F70CC /* ViewController.h */ = {isa = PBXFileReference; fileEncoding = 4; lastKnownFileType = sourcecode.c.h; path = ViewController.h; sourceTree = "<group>"; };
		4C23FAECAA960847C45F4DAF /* HeadingLabel.h */ = {isa = PBXFileReference; fileEncoding = 4; lastKnownFileType = sourcecode.c.h; path = HeadingLabel.h; sourceTree = "<group>"; };
		4C23FB5AEB1598BE493BB143 /* JobApplication.h */ = {isa = PBXFileReference; fileEncoding = 4; lastKnownFileType = sourcecode.c.h; path = JobApplication.h; sourceTree = "<group>"; };
		4C23FBF56A08B318B184FBA9 /* Settings.m */ = {isa = PBXFileReference; fileEncoding = 4; lastKnownFileType = sourcecode.c.objc; path = Settings.m; sourceTree = "<group>"; };
		4C23FC31AFB54663D6974C5D /* InputField.h */ = {isa = PBXFileReference; fileEncoding = 4; lastKnownFileType = sourcecode.c.h; path = InputField.h; sourceTree = "<group>"; };
		4C23FC3E7F90F7A418BFA21A /* ViewModel.h */ = {isa = PBXFileReference; fileEncoding = 4; lastKnownFileType = sourcecode.c.h; path = ViewModel.h; sourceTree = "<group>"; };
		4C23FCE6107979B8B231C499 /* PrimaryButton.m */ = {isa = PBXFileReference; fileEncoding = 4; lastKnownFileType = sourcecode.c.objc; path = PrimaryButton.m; sourceTree = "<group>"; };
		4C23FD10F4C5350CAC511ADC /* Content.strings */ = {isa = PBXFileReference; fileEncoding = 4; lastKnownFileType = text.plist.strings; path = Content.strings; sourceTree = "<group>"; };
		4C23FDAB49071177DDEAF7D9 /* KeyboardHandler.h */ = {isa = PBXFileReference; fileEncoding = 4; lastKnownFileType = sourcecode.c.h; path = KeyboardHandler.h; sourceTree = "<group>"; };
		4C23FDC2B48C502BE97B963E /* LaunchScreen.storyboard */ = {isa = PBXFileReference; lastKnownFileType = file.storyboard; path = LaunchScreen.storyboard; sourceTree = "<group>"; };
		4C23FE2C0B895AE8AC2EBA4F /* InputField.m */ = {isa = PBXFileReference; fileEncoding = 4; lastKnownFileType = sourcecode.c.objc; path = InputField.m; sourceTree = "<group>"; };
		4C23FE9C97120C720FCB24CE /* Main.storyboard */ = {isa = PBXFileReference; lastKnownFileType = file.storyboard; path = Main.storyboard; sourceTree = "<group>"; };
		4C23FEC80A7C1AD563DC1A9D /* ViewModel.m */ = {isa = PBXFileReference; fileEncoding = 4; lastKnownFileType = sourcecode.c.objc; path = ViewModel.m; sourceTree = "<group>"; };
		4C23FF2BF63096F1093F15EC /* ViewController.m */ = {isa = PBXFileReference; fileEncoding = 4; lastKnownFileType = sourcecode.c.objc; path = ViewController.m; sourceTree = "<group>"; };
		4C23FF4A8EA199231C8D8E2E /* PrimaryButton.h */ = {isa = PBXFileReference; fileEncoding = 4; lastKnownFileType = sourcecode.c.h; path = PrimaryButton.h; sourceTree = "<group>"; };
		D1078EB12248C6B90075AF28 /* Job Applicator ObjC.app */ = {isa = PBXFileReference; explicitFileType = wrapper.application; includeInIndex = 0; path = "Job Applicator ObjC.app"; sourceTree = BUILT_PRODUCTS_DIR; };
		D1078EB42248C6B90075AF28 /* AppDelegate.h */ = {isa = PBXFileReference; lastKnownFileType = sourcecode.c.h; path = AppDelegate.h; sourceTree = "<group>"; };
		D1078EB52248C6B90075AF28 /* AppDelegate.m */ = {isa = PBXFileReference; lastKnownFileType = sourcecode.c.objc; path = AppDelegate.m; sourceTree = "<group>"; };
		D1078EBD2248C6BA0075AF28 /* Assets.xcassets */ = {isa = PBXFileReference; lastKnownFileType = folder.assetcatalog; path = Assets.xcassets; sourceTree = "<group>"; };
		D1078EC22248C6BA0075AF28 /* Info.plist */ = {isa = PBXFileReference; lastKnownFileType = text.plist.xml; path = Info.plist; sourceTree = "<group>"; };
		D1078EC32248C6BA0075AF28 /* main.m */ = {isa = PBXFileReference; lastKnownFileType = sourcecode.c.objc; path = main.m; sourceTree = "<group>"; };
		D1078EC92248C6BA0075AF28 /* Job Applicator ObjCTests.xctest */ = {isa = PBXFileReference; explicitFileType = wrapper.cfbundle; includeInIndex = 0; path = "Job Applicator ObjCTests.xctest"; sourceTree = BUILT_PRODUCTS_DIR; };
		D1078ECD2248C6BA0075AF28 /* Job_Applicator_ObjCTests.m */ = {isa = PBXFileReference; lastKnownFileType = sourcecode.c.objc; path = Job_Applicator_ObjCTests.m; sourceTree = "<group>"; };
		D1078ECF2248C6BA0075AF28 /* Info.plist */ = {isa = PBXFileReference; lastKnownFileType = text.plist.xml; path = Info.plist; sourceTree = "<group>"; };
/* End PBXFileReference section */

/* Begin PBXFrameworksBuildPhase section */
		D1078EAE2248C6B90075AF28 /* Frameworks */ = {
			isa = PBXFrameworksBuildPhase;
			buildActionMask = 2147483647;
			files = (
			);
			runOnlyForDeploymentPostprocessing = 0;
		};
		D1078EC62248C6BA0075AF28 /* Frameworks */ = {
			isa = PBXFrameworksBuildPhase;
			buildActionMask = 2147483647;
			files = (
			);
			runOnlyForDeploymentPostprocessing = 0;
		};
/* End PBXFrameworksBuildPhase section */

/* Begin PBXGroup section */
		4C23F037202DD1ECF95B038B /* ViewModels */ = {
			isa = PBXGroup;
			children = (
				4C23FEC80A7C1AD563DC1A9D /* ViewModel.m */,
				4C23FC3E7F90F7A418BFA21A /* ViewModel.h */,
			);
			path = ViewModels;
			sourceTree = "<group>";
		};
		4C23F10D7DA78FAADCFC0F21 /* Views */ = {
			isa = PBXGroup;
			children = (
				4C23FBBFAAF0816C1D2EFC14 /* HeadingLabel */,
				4C23F19D1AB7B0A8B13D5ACD /* InputField */,
				4C23FBC5604F08FCB17948F5 /* InputView */,
				4C23F220E75D125095BAE4A1 /* PrimaryButton */,
			);
			path = Views;
			sourceTree = "<group>";
		};
		4C23F185FCC232D5FB6D4795 /* Settings */ = {
			isa = PBXGroup;
			children = (
				4C23FBF56A08B318B184FBA9 /* Settings.m */,
				4C23F87605EC2CBE12E566B5 /* Settings.h */,
			);
			path = Settings;
			sourceTree = "<group>";
		};
		4C23F19D1AB7B0A8B13D5ACD /* InputField */ = {
			isa = PBXGroup;
			children = (
				4C23FE2C0B895AE8AC2EBA4F /* InputField.m */,
				4C23FC31AFB54663D6974C5D /* InputField.h */,
			);
			path = InputField;
			sourceTree = "<group>";
		};
		4C23F220E75D125095BAE4A1 /* PrimaryButton */ = {
			isa = PBXGroup;
			children = (
				4C23FCE6107979B8B231C499 /* PrimaryButton.m */,
				4C23FF4A8EA199231C8D8E2E /* PrimaryButton.h */,
			);
			path = PrimaryButton;
			sourceTree = "<group>";
		};
		4C23F25B7D94A5D931265083 /* Constants */ = {
			isa = PBXGroup;
			children = (
				4C23F226FA941ACCF3B0FF72 /* Fonts.m */,
				4C23F8457D724A4126EB45B1 /* Fonts.h */,
			);
			path = Constants;
			sourceTree = "<group>";
		};
		4C23F326F5B0B86B2A81661D /* Enums */ = {
			isa = PBXGroup;
			children = (
				4C23FA134F34E89F17C98805 /* TeamType.m */,
				4C23F97A7AD456A0E869EC61 /* TeamType.h */,
			);
			path = Enums;
			sourceTree = "<group>";
		};
		4C23F4481ED55F2EBC88D59B /* Strings */ = {
			isa = PBXGroup;
			children = (
				4C23FD10F4C5350CAC511ADC /* Content.strings */,
			);
			path = Strings;
			sourceTree = "<group>";
		};
		4C23F6D80101D933F03CBD42 /* ViewControllers */ = {
			isa = PBXGroup;
			children = (
				4C23FF2BF63096F1093F15EC /* ViewController.m */,
				4C23FA949C9FC1AB038F70CC /* ViewController.h */,
			);
			path = ViewControllers;
			sourceTree = "<group>";
		};
		4C23F767E701F9ED47DCA430 /* Classes */ = {
			isa = PBXGroup;
			children = (
				4C23FB85CA73E1DFC4A5E5E2 /* JobApplication */,
				4C23FD5F9DA29CF8A5830527 /* RequestHandler */,
				4C23F185FCC232D5FB6D4795 /* Settings */,
				4C23FF2D2FF2E8B4E3BAA8AA /* KeyboardHandler */,
			);
			path = Classes;
			sourceTree = "<group>";
		};
		4C23F771E5254CFA8FAA75FE /* Protocols */ = {
			isa = PBXGroup;
			children = (
				4C23F473BC82024F9B02CC2C /* JSON.h */,
			);
			path = Protocols;
			sourceTree = "<group>";
		};
		4C23F94030FEED9C0DD8771B /* Storyboards */ = {
			isa = PBXGroup;
			children = (
				4C23FE9C97120C720FCB24CE /* Main.storyboard */,
				4C23FDC2B48C502BE97B963E /* LaunchScreen.storyboard */,
			);
			path = Storyboards;
			sourceTree = "<group>";
		};
		4C23FB85CA73E1DFC4A5E5E2 /* JobApplication */ = {
			isa = PBXGroup;
			children = (
				4C23F65BF04F7338105687EC /* JobApplication.m */,
				4C23FB5AEB1598BE493BB143 /* JobApplication.h */,
			);
			path = JobApplication;
			sourceTree = "<group>";
		};
		4C23FBBFAAF0816C1D2EFC14 /* HeadingLabel */ = {
			isa = PBXGroup;
			children = (
				4C23FAECAA960847C45F4DAF /* HeadingLabel.h */,
				4C23F6688740BD040FED82E2 /* HeadingLabel.m */,
			);
			path = HeadingLabel;
			sourceTree = "<group>";
		};
		4C23FBC5604F08FCB17948F5 /* InputView */ = {
			isa = PBXGroup;
			children = (
				4C23F58B4CAA2D1EB69A2E37 /* InputView.m */,
				4C23F3989CE774CD20E6FA3A /* InputView.h */,
			);
			path = InputView;
			sourceTree = "<group>";
		};
		4C23FD5F9DA29CF8A5830527 /* RequestHandler */ = {
			isa = PBXGroup;
			children = (
				4C23F92A940BD71AF1085393 /* RequestHandler.m */,
				4C23F26C74BFD1F81C8D471D /* RequestHandler.h */,
			);
			path = RequestHandler;
			sourceTree = "<group>";
		};
		4C23FF2D2FF2E8B4E3BAA8AA /* KeyboardHandler */ = {
			isa = PBXGroup;
			children = (
				4C23F036B0028DE2B9352701 /* KeyboardHandler.m */,
				4C23FDAB49071177DDEAF7D9 /* KeyboardHandler.h */,
			);
			path = KeyboardHandler;
			sourceTree = "<group>";
		};
		4C23FFA86BFF7908569E5E44 /* Extensions */ = {
			isa = PBXGroup;
			children = (
				4C23F9CB963F22EF1678960E /* NSString+Regex.m */,
				4C23F9C84FA206C0C8015E31 /* NSString+Regex.h */,
			);
			path = Extensions;
			sourceTree = "<group>";
		};
		D1078EA82248C6B90075AF28 = {
			isa = PBXGroup;
			children = (
				D1078EB32248C6B90075AF28 /* Job Applicator ObjC */,
				D1078ECC2248C6BA0075AF28 /* Job Applicator ObjCTests */,
				D1078EB22248C6B90075AF28 /* Products */,
			);
			sourceTree = "<group>";
		};
		D1078EB22248C6B90075AF28 /* Products */ = {
			isa = PBXGroup;
			children = (
				D1078EB12248C6B90075AF28 /* Job Applicator ObjC.app */,
				D1078EC92248C6BA0075AF28 /* Job Applicator ObjCTests.xctest */,
			);
			name = Products;
			sourceTree = "<group>";
		};
		D1078EB32248C6B90075AF28 /* Job Applicator ObjC */ = {
			isa = PBXGroup;
			children = (
				D1078EB42248C6B90075AF28 /* AppDelegate.h */,
				D1078EB52248C6B90075AF28 /* AppDelegate.m */,
				D1078EBD2248C6BA0075AF28 /* Assets.xcassets */,
				D1078EC22248C6BA0075AF28 /* Info.plist */,
				D1078EC32248C6BA0075AF28 /* main.m */,
				4C23F6D80101D933F03CBD42 /* ViewControllers */,
				4C23F94030FEED9C0DD8771B /* Storyboards */,
				4C23F10D7DA78FAADCFC0F21 /* Views */,
				4C23F25B7D94A5D931265083 /* Constants */,
				4C23F037202DD1ECF95B038B /* ViewModels */,
				4C23F326F5B0B86B2A81661D /* Enums */,
				4C23FFA86BFF7908569E5E44 /* Extensions */,
				4C23F767E701F9ED47DCA430 /* Classes */,
				4C23F771E5254CFA8FAA75FE /* Protocols */,
				4C23F4481ED55F2EBC88D59B /* Strings */,
			);
			path = "Job Applicator ObjC";
			sourceTree = "<group>";
		};
		D1078ECC2248C6BA0075AF28 /* Job Applicator ObjCTests */ = {
			isa = PBXGroup;
			children = (
				D1078ECD2248C6BA0075AF28 /* Job_Applicator_ObjCTests.m */,
				D1078ECF2248C6BA0075AF28 /* Info.plist */,
			);
			path = "Job Applicator ObjCTests";
			sourceTree = "<group>";
		};
/* End PBXGroup section */

/* Begin PBXNativeTarget section */
		D1078EB02248C6B90075AF28 /* Job Applicator ObjC */ = {
			isa = PBXNativeTarget;
			buildConfigurationList = D1078ED22248C6BA0075AF28 /* Build configuration list for PBXNativeTarget "Job Applicator ObjC" */;
			buildPhases = (
				D1078EAD2248C6B90075AF28 /* Sources */,
				D1078EAE2248C6B90075AF28 /* Frameworks */,
				D1078EAF2248C6B90075AF28 /* Resources */,
			);
			buildRules = (
			);
			dependencies = (
			);
			name = "Job Applicator ObjC";
			productName = "Job Applicator ObjC";
			productReference = D1078EB12248C6B90075AF28 /* Job Applicator ObjC.app */;
			productType = "com.apple.product-type.application";
		};
		D1078EC82248C6BA0075AF28 /* Job Applicator ObjCTests */ = {
			isa = PBXNativeTarget;
			buildConfigurationList = D1078ED52248C6BA0075AF28 /* Build configuration list for PBXNativeTarget "Job Applicator ObjCTests" */;
			buildPhases = (
				D1078EC52248C6BA0075AF28 /* Sources */,
				D1078EC62248C6BA0075AF28 /* Frameworks */,
				D1078EC72248C6BA0075AF28 /* Resources */,
			);
			buildRules = (
			);
			dependencies = (
				D1078ECB2248C6BA0075AF28 /* PBXTargetDependency */,
			);
			name = "Job Applicator ObjCTests";
			productName = "Job Applicator ObjCTests";
			productReference = D1078EC92248C6BA0075AF28 /* Job Applicator ObjCTests.xctest */;
			productType = "com.apple.product-type.bundle.unit-test";
		};
/* End PBXNativeTarget section */

/* Begin PBXProject section */
		D1078EA92248C6B90075AF28 /* Project object */ = {
			isa = PBXProject;
			attributes = {
				LastUpgradeCheck = 1010;
				ORGANIZATIONNAME = "Bulb Studios Ltd";
				TargetAttributes = {
					D1078EB02248C6B90075AF28 = {
						CreatedOnToolsVersion = 10.1;
					};
					D1078EC82248C6BA0075AF28 = {
						CreatedOnToolsVersion = 10.1;
						TestTargetID = D1078EB02248C6B90075AF28;
					};
				};
			};
			buildConfigurationList = D1078EAC2248C6B90075AF28 /* Build configuration list for PBXProject "Job Applicator ObjC" */;
			compatibilityVersion = "Xcode 9.3";
			developmentRegion = en;
			hasScannedForEncodings = 0;
			knownRegions = (
				en,
				Base,
			);
			mainGroup = D1078EA82248C6B90075AF28;
			productRefGroup = D1078EB22248C6B90075AF28 /* Products */;
			projectDirPath = "";
			projectRoot = "";
			targets = (
				D1078EB02248C6B90075AF28 /* Job Applicator ObjC */,
				D1078EC82248C6BA0075AF28 /* Job Applicator ObjCTests */,
			);
		};
/* End PBXProject section */

/* Begin PBXResourcesBuildPhase section */
		D1078EAF2248C6B90075AF28 /* Resources */ = {
			isa = PBXResourcesBuildPhase;
			buildActionMask = 2147483647;
			files = (
				D1078EBE2248C6BA0075AF28 /* Assets.xcassets in Resources */,
				4C23F5768EE3AB6C27A9906E /* Main.storyboard in Resources */,
				4C23F672C9FC5F79C5F72D2C /* LaunchScreen.storyboard in Resources */,
				4C23F48FFA3971E57AC03DAC /* Content.strings in Resources */,
			);
			runOnlyForDeploymentPostprocessing = 0;
		};
		D1078EC72248C6BA0075AF28 /* Resources */ = {
			isa = PBXResourcesBuildPhase;
			buildActionMask = 2147483647;
			files = (
			);
			runOnlyForDeploymentPostprocessing = 0;
		};
/* End PBXResourcesBuildPhase section */

/* Begin PBXSourcesBuildPhase section */
		D1078EAD2248C6B90075AF28 /* Sources */ = {
			isa = PBXSourcesBuildPhase;
			buildActionMask = 2147483647;
			files = (
				D1078EC42248C6BA0075AF28 /* main.m in Sources */,
				D1078EB62248C6B90075AF28 /* AppDelegate.m in Sources */,
				4C23F0315C6C3121E3D7765B /* ViewController.m in Sources */,
				4C23FD41B90046C197CB66A2 /* Fonts.m in Sources */,
				4C23F4D4EB9208D68B326DBE /* HeadingLabel.m in Sources */,
				4C23F733B322E5DC895D0C17 /* InputField.m in Sources */,
				4C23F9805463D51D0E105869 /* InputView.m in Sources */,
				4C23F494E011D8A7BB8DF5A2 /* PrimaryButton.m in Sources */,
				4C23F54F7AE20A540F3FB32F /* ViewModel.m in Sources */,
				4C23FFE0874EE6DD2D695AF1 /* TeamType.m in Sources */,
				4C23F3B422D3F08CFF62243C /* NSString+Regex.m in Sources */,
				4C23F02CB6E715EBEBA9B232 /* JobApplication.m in Sources */,
				4C23F84954F37047132B4A70 /* RequestHandler.m in Sources */,
				4C23F5ABE25341223FDABE78 /* Settings.m in Sources */,
				4C23F9AAF81F49A917A3A247 /* KeyboardHandler.m in Sources */,
			);
			runOnlyForDeploymentPostprocessing = 0;
		};
		D1078EC52248C6BA0075AF28 /* Sources */ = {
			isa = PBXSourcesBuildPhase;
			buildActionMask = 2147483647;
			files = (
				D1078ECE2248C6BA0075AF28 /* Job_Applicator_ObjCTests.m in Sources */,
			);
			runOnlyForDeploymentPostprocessing = 0;
		};
/* End PBXSourcesBuildPhase section */

/* Begin PBXTargetDependency section */
		D1078ECB2248C6BA0075AF28 /* PBXTargetDependency */ = {
			isa = PBXTargetDependency;
			target = D1078EB02248C6B90075AF28 /* Job Applicator ObjC */;
			targetProxy = D1078ECA2248C6BA0075AF28 /* PBXContainerItemProxy */;
		};
/* End PBXTargetDependency section */

/* Begin XCBuildConfiguration section */
		D1078ED02248C6BA0075AF28 /* Debug */ = {
			isa = XCBuildConfiguration;
			buildSettings = {
				ALWAYS_SEARCH_USER_PATHS = NO;
				CLANG_ANALYZER_NONNULL = YES;
				CLANG_ANALYZER_NUMBER_OBJECT_CONVERSION = YES_AGGRESSIVE;
				CLANG_CXX_LANGUAGE_STANDARD = "gnu++14";
				CLANG_CXX_LIBRARY = "libc++";
				CLANG_ENABLE_MODULES = YES;
				CLANG_ENABLE_OBJC_ARC = YES;
				CLANG_ENABLE_OBJC_WEAK = YES;
				CLANG_WARN_BLOCK_CAPTURE_AUTORELEASING = YES;
				CLANG_WARN_BOOL_CONVERSION = YES;
				CLANG_WARN_COMMA = YES;
				CLANG_WARN_CONSTANT_CONVERSION = YES;
				CLANG_WARN_DEPRECATED_OBJC_IMPLEMENTATIONS = YES;
				CLANG_WARN_DIRECT_OBJC_ISA_USAGE = YES_ERROR;
				CLANG_WARN_DOCUMENTATION_COMMENTS = YES;
				CLANG_WARN_EMPTY_BODY = YES;
				CLANG_WARN_ENUM_CONVERSION = YES;
				CLANG_WARN_INFINITE_RECURSION = YES;
				CLANG_WARN_INT_CONVERSION = YES;
				CLANG_WARN_NON_LITERAL_NULL_CONVERSION = YES;
				CLANG_WARN_OBJC_IMPLICIT_RETAIN_SELF = YES;
				CLANG_WARN_OBJC_LITERAL_CONVERSION = YES;
				CLANG_WARN_OBJC_ROOT_CLASS = YES_ERROR;
				CLANG_WARN_RANGE_LOOP_ANALYSIS = YES;
				CLANG_WARN_STRICT_PROTOTYPES = YES;
				CLANG_WARN_SUSPICIOUS_MOVE = YES;
				CLANG_WARN_UNGUARDED_AVAILABILITY = YES_AGGRESSIVE;
				CLANG_WARN_UNREACHABLE_CODE = YES;
				CLANG_WARN__DUPLICATE_METHOD_MATCH = YES;
				CODE_SIGN_IDENTITY = "iPhone Developer";
				COPY_PHASE_STRIP = NO;
				DEBUG_INFORMATION_FORMAT = dwarf;
				ENABLE_STRICT_OBJC_MSGSEND = YES;
				ENABLE_TESTABILITY = YES;
				GCC_C_LANGUAGE_STANDARD = gnu11;
				GCC_DYNAMIC_NO_PIC = NO;
				GCC_NO_COMMON_BLOCKS = YES;
				GCC_OPTIMIZATION_LEVEL = 0;
				GCC_PREPROCESSOR_DEFINITIONS = (
					"DEBUG=1",
					"$(inherited)",
				);
				GCC_WARN_64_TO_32_BIT_CONVERSION = YES;
				GCC_WARN_ABOUT_RETURN_TYPE = YES_ERROR;
				GCC_WARN_UNDECLARED_SELECTOR = YES;
				GCC_WARN_UNINITIALIZED_AUTOS = YES_AGGRESSIVE;
				GCC_WARN_UNUSED_FUNCTION = YES;
				GCC_WARN_UNUSED_VARIABLE = YES;
				IPHONEOS_DEPLOYMENT_TARGET = 12.1;
				MTL_ENABLE_DEBUG_INFO = INCLUDE_SOURCE;
				MTL_FAST_MATH = YES;
				ONLY_ACTIVE_ARCH = YES;
				SDKROOT = iphoneos;
			};
			name = Debug;
		};
		D1078ED12248C6BA0075AF28 /* Release */ = {
			isa = XCBuildConfiguration;
			buildSettings = {
				ALWAYS_SEARCH_USER_PATHS = NO;
				CLANG_ANALYZER_NONNULL = YES;
				CLANG_ANALYZER_NUMBER_OBJECT_CONVERSION = YES_AGGRESSIVE;
				CLANG_CXX_LANGUAGE_STANDARD = "gnu++14";
				CLANG_CXX_LIBRARY = "libc++";
				CLANG_ENABLE_MODULES = YES;
				CLANG_ENABLE_OBJC_ARC = YES;
				CLANG_ENABLE_OBJC_WEAK = YES;
				CLANG_WARN_BLOCK_CAPTURE_AUTORELEASING = YES;
				CLANG_WARN_BOOL_CONVERSION = YES;
				CLANG_WARN_COMMA = YES;
				CLANG_WARN_CONSTANT_CONVERSION = YES;
				CLANG_WARN_DEPRECATED_OBJC_IMPLEMENTATIONS = YES;
				CLANG_WARN_DIRECT_OBJC_ISA_USAGE = YES_ERROR;
				CLANG_WARN_DOCUMENTATION_COMMENTS = YES;
				CLANG_WARN_EMPTY_BODY = YES;
				CLANG_WARN_ENUM_CONVERSION = YES;
				CLANG_WARN_INFINITE_RECURSION = YES;
				CLANG_WARN_INT_CONVERSION = YES;
				CLANG_WARN_NON_LITERAL_NULL_CONVERSION = YES;
				CLANG_WARN_OBJC_IMPLICIT_RETAIN_SELF = YES;
				CLANG_WARN_OBJC_LITERAL_CONVERSION = YES;
				CLANG_WARN_OBJC_ROOT_CLASS = YES_ERROR;
				CLANG_WARN_RANGE_LOOP_ANALYSIS = YES;
				CLANG_WARN_STRICT_PROTOTYPES = YES;
				CLANG_WARN_SUSPICIOUS_MOVE = YES;
				CLANG_WARN_UNGUARDED_AVAILABILITY = YES_AGGRESSIVE;
				CLANG_WARN_UNREACHABLE_CODE = YES;
				CLANG_WARN__DUPLICATE_METHOD_MATCH = YES;
				CODE_SIGN_IDENTITY = "iPhone Developer";
				COPY_PHASE_STRIP = NO;
				DEBUG_INFORMATION_FORMAT = "dwarf-with-dsym";
				ENABLE_NS_ASSERTIONS = NO;
				ENABLE_STRICT_OBJC_MSGSEND = YES;
				GCC_C_LANGUAGE_STANDARD = gnu11;
				GCC_NO_COMMON_BLOCKS = YES;
				GCC_WARN_64_TO_32_BIT_CONVERSION = YES;
				GCC_WARN_ABOUT_RETURN_TYPE = YES_ERROR;
				GCC_WARN_UNDECLARED_SELECTOR = YES;
				GCC_WARN_UNINITIALIZED_AUTOS = YES_AGGRESSIVE;
				GCC_WARN_UNUSED_FUNCTION = YES;
				GCC_WARN_UNUSED_VARIABLE = YES;
				IPHONEOS_DEPLOYMENT_TARGET = 12.1;
				MTL_ENABLE_DEBUG_INFO = NO;
				MTL_FAST_MATH = YES;
				SDKROOT = iphoneos;
				VALIDATE_PRODUCT = YES;
			};
			name = Release;
		};
		D1078ED32248C6BA0075AF28 /* Debug */ = {
			isa = XCBuildConfiguration;
			buildSettings = {
				ASSETCATALOG_COMPILER_APPICON_NAME = AppIcon;
				BASE_URL = "http://localhost:8080/jobs";
				CODE_SIGN_STYLE = Automatic;
				INFOPLIST_FILE = "Job Applicator ObjC/Info.plist";
				LD_RUNPATH_SEARCH_PATHS = (
					"$(inherited)",
					"@executable_path/Frameworks",
				);
				PRODUCT_BUNDLE_IDENTIFIER = "com.bulbstudios.Job-Applicator-ObjC";
				PRODUCT_NAME = "$(TARGET_NAME)";
				TARGETED_DEVICE_FAMILY = "1,2";
			};
			name = Debug;
		};
		D1078ED42248C6BA0075AF28 /* Release */ = {
			isa = XCBuildConfiguration;
			buildSettings = {
				ASSETCATALOG_COMPILER_APPICON_NAME = AppIcon;
				BASE_URL = "http://localhost:8080/jobs";
				CODE_SIGN_STYLE = Automatic;
				INFOPLIST_FILE = "Job Applicator ObjC/Info.plist";
				LD_RUNPATH_SEARCH_PATHS = (
					"$(inherited)",
					"@executable_path/Frameworks",
				);
				PRODUCT_BUNDLE_IDENTIFIER = "com.bulbstudios.Job-Applicator-ObjC";
				PRODUCT_NAME = "$(TARGET_NAME)";
				TARGETED_DEVICE_FAMILY = "1,2";
			};
			name = Release;
		};
		D1078ED62248C6BA0075AF28 /* Debug */ = {
			isa = XCBuildConfiguration;
			buildSettings = {
				BUNDLE_LOADER = "$(TEST_HOST)";
				CODE_SIGN_STYLE = Automatic;
				INFOPLIST_FILE = "Job Applicator ObjCTests/Info.plist";
				LD_RUNPATH_SEARCH_PATHS = (
					"$(inherited)",
					"@executable_path/Frameworks",
					"@loader_path/Frameworks",
				);
				PRODUCT_BUNDLE_IDENTIFIER = "com.bulbstudios.Job-Applicator-ObjCTests";
				PRODUCT_NAME = "$(TARGET_NAME)";
				TARGETED_DEVICE_FAMILY = "1,2";
				TEST_HOST = "$(BUILT_PRODUCTS_DIR)/Job Applicator ObjC.app/Job Applicator ObjC";
			};
			name = Debug;
		};
		D1078ED72248C6BA0075AF28 /* Release */ = {
			isa = XCBuildConfiguration;
			buildSettings = {
				BUNDLE_LOADER = "$(TEST_HOST)";
				CODE_SIGN_STYLE = Automatic;
				INFOPLIST_FILE = "Job Applicator ObjCTests/Info.plist";
				LD_RUNPATH_SEARCH_PATHS = (
					"$(inherited)",
					"@executable_path/Frameworks",
					"@loader_path/Frameworks",
				);
				PRODUCT_BUNDLE_IDENTIFIER = "com.bulbstudios.Job-Applicator-ObjCTests";
				PRODUCT_NAME = "$(TARGET_NAME)";
				TARGETED_DEVICE_FAMILY = "1,2";
				TEST_HOST = "$(BUILT_PRODUCTS_DIR)/Job Applicator ObjC.app/Job Applicator ObjC";
			};
			name = Release;
		};
/* End XCBuildConfiguration section */

/* Begin XCConfigurationList section */
		D1078EAC2248C6B90075AF28 /* Build configuration list for PBXProject "Job Applicator ObjC" */ = {
			isa = XCConfigurationList;
			buildConfigurations = (
				D1078ED02248C6BA0075AF28 /* Debug */,
				D1078ED12248C6BA0075AF28 /* Release */,
			);
			defaultConfigurationIsVisible = 0;
			defaultConfigurationName = Release;
		};
		D1078ED22248C6BA0075AF28 /* Build configuration list for PBXNativeTarget "Job Applicator ObjC" */ = {
			isa = XCConfigurationList;
			buildConfigurations = (
				D1078ED32248C6BA0075AF28 /* Debug */,
				D1078ED42248C6BA0075AF28 /* Release */,
			);
			defaultConfigurationIsVisible = 0;
			defaultConfigurationName = Release;
		};
		D1078ED52248C6BA0075AF28 /* Build configuration list for PBXNativeTarget "Job Applicator ObjCTests" */ = {
			isa = XCConfigurationList;
			buildConfigurations = (
				D1078ED62248C6BA0075AF28 /* Debug */,
				D1078ED72248C6BA0075AF28 /* Release */,
			);
			defaultConfigurationIsVisible = 0;
			defaultConfigurationName = Release;
		};
/* End XCConfigurationList section */
	};
	rootObject = D1078EA92248C6B90075AF28 /* Project object */;
}
